// !$*UTF8*$!
{
	archiveVersion = 1;
	classes = {
	};
	objectVersion = 46;
	objects = {

/* Begin PBXBuildFile section */
		CD6C1C461A6AE44400390F94 /* AppDelegate.swift in Sources */ = {isa = PBXBuildFile; fileRef = CD6C1C451A6AE44400390F94 /* AppDelegate.swift */; };
		CD6C1C481A6AE44400390F94 /* ViewController.swift in Sources */ = {isa = PBXBuildFile; fileRef = CD6C1C471A6AE44400390F94 /* ViewController.swift */; };
		CD6C1C4B1A6AE44400390F94 /* Main.storyboard in Resources */ = {isa = PBXBuildFile; fileRef = CD6C1C491A6AE44400390F94 /* Main.storyboard */; };
		CD6C1C4D1A6AE44400390F94 /* Images.xcassets in Resources */ = {isa = PBXBuildFile; fileRef = CD6C1C4C1A6AE44400390F94 /* Images.xcassets */; };
		CD6C1C501A6AE44400390F94 /* LaunchScreen.xib in Resources */ = {isa = PBXBuildFile; fileRef = CD6C1C4E1A6AE44400390F94 /* LaunchScreen.xib */; };
		CD6C1C5C1A6AE44400390F94 /* TipsterTests.swift in Sources */ = {isa = PBXBuildFile; fileRef = CD6C1C5B1A6AE44400390F94 /* TipsterTests.swift */; };
/* End PBXBuildFile section */

/* Begin PBXContainerItemProxy section */
		CD6C1C561A6AE44400390F94 /* PBXContainerItemProxy */ = {
			isa = PBXContainerItemProxy;
			containerPortal = CD6C1C381A6AE44400390F94 /* Project object */;
			proxyType = 1;
			remoteGlobalIDString = CD6C1C3F1A6AE44400390F94;
			remoteInfo = Tipster;
		};
/* End PBXContainerItemProxy section */

/* Begin PBXFileReference section */
		CD6C1C401A6AE44400390F94 /* Tipster.app */ = {isa = PBXFileReference; explicitFileType = wrapper.application; includeInIndex = 0; path = Tipster.app; sourceTree = BUILT_PRODUCTS_DIR; };
		CD6C1C441A6AE44400390F94 /* Info.plist */ = {isa = PBXFileReference; lastKnownFileType = text.plist.xml; path = Info.plist; sourceTree = "<group>"; };
		CD6C1C451A6AE44400390F94 /* AppDelegate.swift */ = {isa = PBXFileReference; lastKnownFileType = sourcecode.swift; path = AppDelegate.swift; sourceTree = "<group>"; };
		CD6C1C471A6AE44400390F94 /* ViewController.swift */ = {isa = PBXFileReference; lastKnownFileType = sourcecode.swift; path = ViewController.swift; sourceTree = "<group>"; };
		CD6C1C4A1A6AE44400390F94 /* Base */ = {isa = PBXFileReference; lastKnownFileType = file.storyboard; name = Base; path = Base.lproj/Main.storyboard; sourceTree = "<group>"; };
		CD6C1C4C1A6AE44400390F94 /* Images.xcassets */ = {isa = PBXFileReference; lastKnownFileType = folder.assetcatalog; path = Images.xcassets; sourceTree = "<group>"; };
		CD6C1C4F1A6AE44400390F94 /* Base */ = {isa = PBXFileReference; lastKnownFileType = file.xib; name = Base; path = Base.lproj/LaunchScreen.xib; sourceTree = "<group>"; };
		CD6C1C551A6AE44400390F94 /* TipsterTests.xctest */ = {isa = PBXFileReference; explicitFileType = wrapper.cfbundle; includeInIndex = 0; path = TipsterTests.xctest; sourceTree = BUILT_PRODUCTS_DIR; };
		CD6C1C5A1A6AE44400390F94 /* Info.plist */ = {isa = PBXFileReference; lastKnownFileType = text.plist.xml; path = Info.plist; sourceTree = "<group>"; };
		CD6C1C5B1A6AE44400390F94 /* TipsterTests.swift */ = {isa = PBXFileReference; lastKnownFileType = sourcecode.swift; path = TipsterTests.swift; sourceTree = "<group>"; };
/* End PBXFileReference section */

/* Begin PBXFrameworksBuildPhase section */
		CD6C1C3D1A6AE44400390F94 /* Frameworks */ = {
			isa = PBXFrameworksBuildPhase;
			buildActionMask = 2147483647;
			files = (
			);
			runOnlyForDeploymentPostprocessing = 0;
		};
		CD6C1C521A6AE44400390F94 /* Frameworks */ = {
			isa = PBXFrameworksBuildPhase;
			buildActionMask = 2147483647;
			files = (
			);
			runOnlyForDeploymentPostprocessing = 0;
		};
/* End PBXFrameworksBuildPhase section */

/* Begin PBXGroup section */
		CD6C1C371A6AE44400390F94 = {
			isa = PBXGroup;
			children = (
				CD6C1C421A6AE44400390F94 /* Tipster */,
				CD6C1C581A6AE44400390F94 /* TipsterTests */,
				CD6C1C411A6AE44400390F94 /* Products */,
			);
			sourceTree = "<group>";
		};
		CD6C1C411A6AE44400390F94 /* Products */ = {
			isa = PBXGroup;
			children = (
				CD6C1C401A6AE44400390F94 /* Tipster.app */,
				CD6C1C551A6AE44400390F94 /* TipsterTests.xctest */,
			);
			name = Products;
			sourceTree = "<group>";
		};
		CD6C1C421A6AE44400390F94 /* Tipster */ = {
			isa = PBXGroup;
			children = (
				CD6C1C451A6AE44400390F94 /* AppDelegate.swift */,
				CD6C1C471A6AE44400390F94 /* ViewController.swift */,
				CD6C1C491A6AE44400390F94 /* Main.storyboard */,
				CD6C1C4C1A6AE44400390F94 /* Images.xcassets */,
				CD6C1C4E1A6AE44400390F94 /* LaunchScreen.xib */,
				CD6C1C431A6AE44400390F94 /* Supporting Files */,
			);
			path = Tipster;
			sourceTree = "<group>";
		};
		CD6C1C431A6AE44400390F94 /* Supporting Files */ = {
			isa = PBXGroup;
			children = (
				CD6C1C441A6AE44400390F94 /* Info.plist */,
			);
			name = "Supporting Files";
			sourceTree = "<group>";
		};
		CD6C1C581A6AE44400390F94 /* TipsterTests */ = {
			isa = PBXGroup;
			children = (
				CD6C1C5B1A6AE44400390F94 /* TipsterTests.swift */,
				CD6C1C591A6AE44400390F94 /* Supporting Files */,
			);
			path = TipsterTests;
			sourceTree = "<group>";
		};
		CD6C1C591A6AE44400390F94 /* Supporting Files */ = {
			isa = PBXGroup;
			children = (
				CD6C1C5A1A6AE44400390F94 /* Info.plist */,
			);
			name = "Supporting Files";
			sourceTree = "<group>";
		};
/* End PBXGroup section */

/* Begin PBXNativeTarget section */
		CD6C1C3F1A6AE44400390F94 /* Tipster */ = {
			isa = PBXNativeTarget;
			buildConfigurationList = CD6C1C5F1A6AE44400390F94 /* Build configuration list for PBXNativeTarget "Tipster" */;
			buildPhases = (
				CD6C1C3C1A6AE44400390F94 /* Sources */,
				CD6C1C3D1A6AE44400390F94 /* Frameworks */,
				CD6C1C3E1A6AE44400390F94 /* Resources */,
			);
			buildRules = (
			);
			dependencies = (
			);
			name = Tipster;
			productName = Tipster;
			productReference = CD6C1C401A6AE44400390F94 /* Tipster.app */;
			productType = "com.apple.product-type.application";
		};
		CD6C1C541A6AE44400390F94 /* TipsterTests */ = {
			isa = PBXNativeTarget;
			buildConfigurationList = CD6C1C621A6AE44400390F94 /* Build configuration list for PBXNativeTarget "TipsterTests" */;
			buildPhases = (
				CD6C1C511A6AE44400390F94 /* Sources */,
				CD6C1C521A6AE44400390F94 /* Frameworks */,
				CD6C1C531A6AE44400390F94 /* Resources */,
			);
			buildRules = (
			);
			dependencies = (
				CD6C1C571A6AE44400390F94 /* PBXTargetDependency */,
			);
			name = TipsterTests;
			productName = TipsterTests;
			productReference = CD6C1C551A6AE44400390F94 /* TipsterTests.xctest */;
			productType = "com.apple.product-type.bundle.unit-test";
		};
/* End PBXNativeTarget section */

/* Begin PBXProject section */
		CD6C1C381A6AE44400390F94 /* Project object */ = {
			isa = PBXProject;
			attributes = {
				LastUpgradeCheck = 0610;
				ORGANIZATIONNAME = "Kyungmin Kim";
				TargetAttributes = {
					CD6C1C3F1A6AE44400390F94 = {
						CreatedOnToolsVersion = 6.1.1;
					};
					CD6C1C541A6AE44400390F94 = {
						CreatedOnToolsVersion = 6.1.1;
						TestTargetID = CD6C1C3F1A6AE44400390F94;
					};
				};
			};
			buildConfigurationList = CD6C1C3B1A6AE44400390F94 /* Build configuration list for PBXProject "Tipster" */;
			compatibilityVersion = "Xcode 3.2";
			developmentRegion = English;
			hasScannedForEncodings = 0;
			knownRegions = (
				en,
				Base,
			);
			mainGroup = CD6C1C371A6AE44400390F94;
			productRefGroup = CD6C1C411A6AE44400390F94 /* Products */;
			projectDirPath = "";
			projectRoot = "";
			targets = (
				CD6C1C3F1A6AE44400390F94 /* Tipster */,
				CD6C1C541A6AE44400390F94 /* TipsterTests */,
			);
		};
/* End PBXProject section */

/* Begin PBXResourcesBuildPhase section */
		CD6C1C3E1A6AE44400390F94 /* Resources */ = {
			isa = PBXResourcesBuildPhase;
			buildActionMask = 2147483647;
			files = (
				CD6C1C4B1A6AE44400390F94 /* Main.storyboard in Resources */,
				CD6C1C501A6AE44400390F94 /* LaunchScreen.xib in Resources */,
				CD6C1C4D1A6AE44400390F94 /* Images.xcassets in Resources */,
			);
			runOnlyForDeploymentPostprocessing = 0;
		};
		CD6C1C531A6AE44400390F94 /* Resources */ = {
			isa = PBXResourcesBuildPhase;
			buildActionMask = 2147483647;
			files = (
			);
			runOnlyForDeploymentPostprocessing = 0;
		};
/* End PBXResourcesBuildPhase section */

/* Begin PBXSourcesBuildPhase section */
		CD6C1C3C1A6AE44400390F94 /* Sources */ = {
			isa = PBXSourcesBuildPhase;
			buildActionMask = 2147483647;
			files = (
				CD6C1C481A6AE44400390F94 /* ViewController.swift in Sources */,
				CD6C1C461A6AE44400390F94 /* AppDelegate.swift in Sources */,
			);
			runOnlyForDeploymentPostprocessing = 0;
		};
		CD6C1C511A6AE44400390F94 /* Sources */ = {
			isa = PBXSourcesBuildPhase;
			buildActionMask = 2147483647;
			files = (
				CD6C1C5C1A6AE44400390F94 /* TipsterTests.swift in Sources */,
			);
			runOnlyForDeploymentPostprocessing = 0;
		};
/* End PBXSourcesBuildPhase section */

/* Begin PBXTargetDependency section */
		CD6C1C571A6AE44400390F94 /* PBXTargetDependency */ = {
			isa = PBXTargetDependency;
			target = CD6C1C3F1A6AE44400390F94 /* Tipster */;
			targetProxy = CD6C1C561A6AE44400390F94 /* PBXContainerItemProxy */;
		};
/* End PBXTargetDependency section */

/* Begin PBXVariantGroup section */
		CD6C1C491A6AE44400390F94 /* Main.storyboard */ = {
			isa = PBXVariantGroup;
			children = (
				CD6C1C4A1A6AE44400390F94 /* Base */,
			);
			name = Main.storyboard;
			sourceTree = "<group>";
		};
		CD6C1C4E1A6AE44400390F94 /* LaunchScreen.xib */ = {
			isa = PBXVariantGroup;
			children = (
				CD6C1C4F1A6AE44400390F94 /* Base */,
			);
			name = LaunchScreen.xib;
			sourceTree = "<group>";
		};
/* End PBXVariantGroup section */

/* Begin XCBuildConfiguration section */
		CD6C1C5D1A6AE44400390F94 /* Debug */ = {
			isa = XCBuildConfiguration;
			buildSettings = {
				ALWAYS_SEARCH_USER_PATHS = NO;
				CLANG_CXX_LANGUAGE_STANDARD = "gnu++0x";
				CLANG_CXX_LIBRARY = "libc++";
				CLANG_ENABLE_MODULES = YES;
				CLANG_ENABLE_OBJC_ARC = YES;
				CLANG_WARN_BOOL_CONVERSION = YES;
				CLANG_WARN_CONSTANT_CONVERSION = YES;
				CLANG_WARN_DIRECT_OBJC_ISA_USAGE = YES_ERROR;
				CLANG_WARN_EMPTY_BODY = YES;
				CLANG_WARN_ENUM_CONVERSION = YES;
				CLANG_WARN_INT_CONVERSION = YES;
				CLANG_WARN_OBJC_ROOT_CLASS = YES_ERROR;
				CLANG_WARN_UNREACHABLE_CODE = YES;
				CLANG_WARN__DUPLICATE_METHOD_MATCH = YES;
				"CODE_SIGN_IDENTITY[sdk=iphoneos*]" = "iPhone Developer";
				COPY_PHASE_STRIP = NO;
				ENABLE_STRICT_OBJC_MSGSEND = YES;
				GCC_C_LANGUAGE_STANDARD = gnu99;
				GCC_DYNAMIC_NO_PIC = NO;
				GCC_OPTIMIZATION_LEVEL = 0;
				GCC_PREPROCESSOR_DEFINITIONS = (
					"DEBUG=1",
					"$(inherited)",
				);
				GCC_SYMBOLS_PRIVATE_EXTERN = NO;
				GCC_WARN_64_TO_32_BIT_CONVERSION = YES;
				GCC_WARN_ABOUT_RETURN_TYPE = YES_ERROR;
				GCC_WARN_UNDECLARED_SELECTOR = YES;
				GCC_WARN_UNINITIALIZED_AUTOS = YES_AGGRESSIVE;
				GCC_WARN_UNUSED_FUNCTION = YES;
				GCC_WARN_UNUSED_VARIABLE = YES;
				IPHONEOS_DEPLOYMENT_TARGET = 8.1;
				MTL_ENABLE_DEBUG_INFO = YES;
				ONLY_ACTIVE_ARCH = YES;
				SDKROOT = iphoneos;
				SWIFT_OPTIMIZATION_LEVEL = "-Onone";
			};
			name = Debug;
		};
		CD6C1C5E1A6AE44400390F94 /* Release */ = {
			isa = XCBuildConfiguration;
			buildSettings = {
				ALWAYS_SEARCH_USER_PATHS = NO;
				CLANG_CXX_LANGUAGE_STANDARD = "gnu++0x";
				CLANG_CXX_LIBRARY = "libc++";
				CLANG_ENABLE_MODULES = YES;
				CLANG_ENABLE_OBJC_ARC = YES;
				CLANG_WARN_BOOL_CONVERSION = YES;
				CLANG_WARN_CONSTANT_CONVERSION = YES;
				CLANG_WARN_DIRECT_OBJC_ISA_USAGE = YES_ERROR;
				CLANG_WARN_EMPTY_BODY = YES;
				CLANG_WARN_ENUM_CONVERSION = YES;
				CLANG_WARN_INT_CONVERSION = YES;
				CLANG_WARN_OBJC_ROOT_CLASS = YES_ERROR;
				CLANG_WARN_UNREACHABLE_CODE = YES;
				CLANG_WARN__DUPLICATE_METHOD_MATCH = YES;
				"CODE_SIGN_IDENTITY[sdk=iphoneos*]" = "iPhone Developer";
				COPY_PHASE_STRIP = YES;
				ENABLE_NS_ASSERTIONS = NO;
				ENABLE_STRICT_OBJC_MSGSEND = YES;
				GCC_C_LANGUAGE_STANDARD = gnu99;
				GCC_WARN_64_TO_32_BIT_CONVERSION = YES;
				GCC_WARN_ABOUT_RETURN_TYPE = YES_ERROR;
				GCC_WARN_UNDECLARED_SELECTOR = YES;
				GCC_WARN_UNINITIALIZED_AUTOS = YES_AGGRESSIVE;
				GCC_WARN_UNUSED_FUNCTION = YES;
				GCC_WARN_UNUSED_VARIABLE = YES;
				IPHONEOS_DEPLOYMENT_TARGET = 8.1;
				MTL_ENABLE_DEBUG_INFO = NO;
				SDKROOT = iphoneos;
				VALIDATE_PRODUCT = YES;
			};
			name = Release;
		};
		CD6C1C601A6AE44400390F94 /* Debug */ = {
			isa = XCBuildConfiguration;
			buildSettings = {
				ASSETCATALOG_COMPILER_APPICON_NAME = AppIcon;
				INFOPLIST_FILE = Tipster/Info.plist;
				LD_RUNPATH_SEARCH_PATHS = "$(inherited) @executable_path/Frameworks";
				PRODUCT_NAME = "$(TARGET_NAME)";
			};
			name = Debug;
		};
		CD6C1C611A6AE44400390F94 /* Release */ = {
			isa = XCBuildConfiguration;
			buildSettings = {
				ASSETCATALOG_COMPILER_APPICON_NAME = AppIcon;
				INFOPLIST_FILE = Tipster/Info.plist;
				LD_RUNPATH_SEARCH_PATHS = "$(inherited) @executable_path/Frameworks";
				PRODUCT_NAME = "$(TARGET_NAME)";
			};
			name = Release;
		};
		CD6C1C631A6AE44400390F94 /* Debug */ = {
			isa = XCBuildConfiguration;
			buildSettings = {
				BUNDLE_LOADER = "$(TEST_HOST)";
				FRAMEWORK_SEARCH_PATHS = (
					"$(SDKROOT)/Developer/Library/Frameworks",
					"$(inherited)",
				);
				GCC_PREPROCESSOR_DEFINITIONS = (
					"DEBUG=1",
					"$(inherited)",
				);
				INFOPLIST_FILE = TipsterTests/Info.plist;
				LD_RUNPATH_SEARCH_PATHS = "$(inherited) @executable_path/Frameworks @loader_path/Frameworks";
				PRODUCT_NAME = "$(TARGET_NAME)";
				TEST_HOST = "$(BUILT_PRODUCTS_DIR)/Tipster.app/Tipster";
			};
			name = Debug;
		};
		CD6C1C641A6AE44400390F94 /* Release */ = {
			isa = XCBuildConfiguration;
			buildSettings = {
				BUNDLE_LOADER = "$(TEST_HOST)";
				FRAMEWORK_SEARCH_PATHS = (
					"$(SDKROOT)/Developer/Library/Frameworks",
					"$(inherited)",
				);
				INFOPLIST_FILE = TipsterTests/Info.plist;
				LD_RUNPATH_SEARCH_PATHS = "$(inherited) @executable_path/Frameworks @loader_path/Frameworks";
				PRODUCT_NAME = "$(TARGET_NAME)";
				TEST_HOST = "$(BUILT_PRODUCTS_DIR)/Tipster.app/Tipster";
			};
			name = Release;
		};
/* End XCBuildConfiguration section */

/* Begin XCConfigurationList section */
		CD6C1C3B1A6AE44400390F94 /* Build configuration list for PBXProject "Tipster" */ = {
			isa = XCConfigurationList;
			buildConfigurations = (
				CD6C1C5D1A6AE44400390F94 /* Debug */,
				CD6C1C5E1A6AE44400390F94 /* Release */,
			);
			defaultConfigurationIsVisible = 0;
			defaultConfigurationName = Release;
		};
		CD6C1C5F1A6AE44400390F94 /* Build configuration list for PBXNativeTarget "Tipster" */ = {
			isa = XCConfigurationList;
			buildConfigurations = (
				CD6C1C601A6AE44400390F94 /* Debug */,
				CD6C1C611A6AE44400390F94 /* Release */,
			);
			defaultConfigurationIsVisible = 0;
		};
		CD6C1C621A6AE44400390F94 /* Build configuration list for PBXNativeTarget "TipsterTests" */ = {
			isa = XCConfigurationList;
			buildConfigurations = (
				CD6C1C631A6AE44400390F94 /* Debug */,
				CD6C1C641A6AE44400390F94 /* Release */,
			);
			defaultConfigurationIsVisible = 0;
		};
/* End XCConfigurationList section */
	};
	rootObject = CD6C1C381A6AE44400390F94 /* Project object */;
}
